
Microsoft Visual Studio Solution File, Format Version 12.00
# Visual Studio Version 17
VisualStudioVersion = 17.10.35201.131
MinimumVisualStudioVersion = 10.0.40219.1
Project("{FAE04EC0-301F-11D3-BF4B-00C04F79EFBC}") = "DotNetCoreMVC_TaxCalculation", "DotNetCoreMVC_TaxCalculation.csproj", "{D60474C9-78C1-4A3B-BDDC-822EE106E68D}"
EndProject
Global
	GlobalSection(SolutionConfigurationPlatforms) = preSolution
		Debug|Any CPU = Debug|Any CPU
		Release|Any CPU = Release|Any CPU
	EndGlobalSection
	GlobalSection(ProjectConfigurationPlatforms) = postSolution
		{D60474C9-78C1-4A3B-BDDC-822EE106E68D}.Debug|Any CPU.ActiveCfg = Debug|Any CPU
		{D60474C9-78C1-4A3B-BDDC-822EE106E68D}.Debug|Any CPU.Build.0 = Debug|Any CPU
		{D60474C9-78C1-4A3B-BDDC-822EE106E68D}.Release|Any CPU.ActiveCfg = Release|Any CPU
		{D60474C9-78C1-4A3B-BDDC-822EE106E68D}.Release|Any CPU.Build.0 = Release|Any CPU
	EndGlobalSection
	GlobalSection(SolutionProperties) = preSolution
		HideSolutionNode = FALSE
	EndGlobalSection
	GlobalSection(ExtensibilityGlobals) = postSolution
		SolutionGuid = {724ED49A-1BAD-41A9-89CD-72EAB9A30BBC}
	EndGlobalSection
EndGlobal
